FORGE
  remote: https://forgeapi.puppetlabs.com
  specs:
    maestrodev-wget (1.7.0)
    tylerwalts-jdk_oracle (1.4.0)

GIT
  remote: https://github.com/maestrodev/puppet-maven.git
  ref: v1.0.0
  sha: c491f20e7ea3bf3abca370cdd102e57f7a0bacf1
  specs:
    maven (1.0.0)
      maestrodev-wget (>= 0.0.1)

DEPENDENCIES
  maestrodev-wget (>= 1.0.0)
  maven (>= 0)
  tylerwalts-jdk_oracle (>= 0)

