FORGE
  remote: https://forgeapi.puppetlabs.com
  specs:
    camptocamp-archive (0.8.1)
    maestrodev-wget (1.7.0)
    puppetlabs-stdlib (4.9.0)
    tylerwalts-jdk_oracle (1.4.0)

GIT
  remote: https://github.com/PennAssuranceSoftware/puppet-eclipse.git
  ref: master
  sha: 9f5261e4d64c0ba3bc5411c177a4c12b0bf330de
  specs:
    PennAssuranceSoftware-eclipse (0.0.1)

GIT
  remote: https://github.com/PennAssuranceSoftware/puppet-squirrel-sql.git
  ref: master
  sha: 8c21c407dd534a171ff48f6730e1fb600ff823d9
  specs:
    PennAssuranceSoftware-squirrel_sql (0.0.1)

GIT
  remote: https://github.com/maestrodev/puppet-maven.git
  ref: v1.4.0
  sha: ddeb7d342a40e3626820f21000a75714488c92f5
  specs:
    maven (1.4.0)
      maestrodev-wget (>= 1.0.0)

DEPENDENCIES
  PennAssuranceSoftware-eclipse (>= 0)
  PennAssuranceSoftware-squirrel_sql (>= 0)
  camptocamp-archive (>= 0)
  maestrodev-wget (>= 1.0.0)
  maven (>= 0)
  puppetlabs-stdlib (>= 0)
  tylerwalts-jdk_oracle (>= 0)

