FORGE
  remote: https://forgeapi.puppetlabs.com
  specs:
    camptocamp-archive (0.8.1)
    maestrodev-wget (1.7.0)
    puppetlabs-stdlib (4.8.0)
    tylerwalts-jdk_oracle (1.4.0)

GIT
  remote: https://github.com/PennAssuranceSoftware/puppet-eclipse.git
  ref: master
  sha: de79a041fc3205a22538ca2becbdf581fb2ea517
  specs:
    PennAssuranceSoftware-eclipse (0.0.1)

GIT
  remote: https://github.com/maestrodev/puppet-maven.git
  ref: v1.4.0
  sha: ddeb7d342a40e3626820f21000a75714488c92f5
  specs:
    maven (1.4.0)
      maestrodev-wget (>= 1.0.0)

DEPENDENCIES
  PennAssuranceSoftware-eclipse (>= 0)
  camptocamp-archive (>= 0)
  maestrodev-wget (>= 1.0.0)
  maven (>= 0)
  puppetlabs-stdlib (>= 0)
  tylerwalts-jdk_oracle (>= 0)

